// !$*UTF8*$!
{
	archiveVersion = 1;
	classes = {
	};
	objectVersion = 51;
	objects = {

/* Begin PBXBuildFile section */
		19279E9122E8ABFE008E89C5 /* RegistrationStep2ViewController.swift in Sources */ = {isa = PBXBuildFile; fileRef = 19279E9022E8ABFE008E89C5 /* RegistrationStep2ViewController.swift */; };
		19279E9322E8AD84008E89C5 /* RegistrationStep3ViewController.swift in Sources */ = {isa = PBXBuildFile; fileRef = 19279E9222E8AD84008E89C5 /* RegistrationStep3ViewController.swift */; };
		19279E9522E8AD95008E89C5 /* RegistrationStep4ViewController.swift in Sources */ = {isa = PBXBuildFile; fileRef = 19279E9422E8AD95008E89C5 /* RegistrationStep4ViewController.swift */; };
		19279E9722E8ADB5008E89C5 /* RegistrationStep5ViewController.swift in Sources */ = {isa = PBXBuildFile; fileRef = 19279E9622E8ADB5008E89C5 /* RegistrationStep5ViewController.swift */; };
		1940D46E22F0EB8A00807213 /* SearchResultsViewController.swift in Sources */ = {isa = PBXBuildFile; fileRef = 1940D46D22F0EB8A00807213 /* SearchResultsViewController.swift */; };
		1940D47022F0F43C00807213 /* SearchResultsTableViewCell.swift in Sources */ = {isa = PBXBuildFile; fileRef = 1940D46F22F0F43C00807213 /* SearchResultsTableViewCell.swift */; };
		1940D47222F0FF7C00807213 /* RatingControl.swift in Sources */ = {isa = PBXBuildFile; fileRef = 1940D47122F0FF7C00807213 /* RatingControl.swift */; };
		1940D47422F1196E00807213 /* DesignableImageView.swift in Sources */ = {isa = PBXBuildFile; fileRef = 1940D47322F1196E00807213 /* DesignableImageView.swift */; };
		1940D47622F1EFCB00807213 /* TableResultsViewController.swift in Sources */ = {isa = PBXBuildFile; fileRef = 1940D47522F1EFCB00807213 /* TableResultsViewController.swift */; };
		1940D47822F23E8100807213 /* DesignableLabel.swift in Sources */ = {isa = PBXBuildFile; fileRef = 1940D47722F23E8100807213 /* DesignableLabel.swift */; };
		1940D47B22F2572B00807213 /* PropertyTableViewCell.swift in Sources */ = {isa = PBXBuildFile; fileRef = 1940D47A22F2572B00807213 /* PropertyTableViewCell.swift */; };
		1940D47D22F2587300807213 /* PropertiesTableViewController.swift in Sources */ = {isa = PBXBuildFile; fileRef = 1940D47C22F2587300807213 /* PropertiesTableViewController.swift */; };
		1940D48022F328B300807213 /* User.swift in Sources */ = {isa = PBXBuildFile; fileRef = 1940D47F22F328B300807213 /* User.swift */; };
		1953C36C22DF6F43008D2FD4 /* AppDelegate.swift in Sources */ = {isa = PBXBuildFile; fileRef = 1953C36B22DF6F43008D2FD4 /* AppDelegate.swift */; };
		1953C37122DF6F43008D2FD4 /* Main.storyboard in Resources */ = {isa = PBXBuildFile; fileRef = 1953C36F22DF6F43008D2FD4 /* Main.storyboard */; };
		1953C37322DF6F44008D2FD4 /* Assets.xcassets in Resources */ = {isa = PBXBuildFile; fileRef = 1953C37222DF6F44008D2FD4 /* Assets.xcassets */; };
		1953C37622DF6F44008D2FD4 /* LaunchScreen.storyboard in Resources */ = {isa = PBXBuildFile; fileRef = 1953C37422DF6F44008D2FD4 /* LaunchScreen.storyboard */; };
		1953C38022DF72B8008D2FD4 /* Crashlytics.framework in Frameworks */ = {isa = PBXBuildFile; fileRef = 1953C37E22DF72B8008D2FD4 /* Crashlytics.framework */; };
		1953C38122DF72B8008D2FD4 /* Fabric.framework in Frameworks */ = {isa = PBXBuildFile; fileRef = 1953C37F22DF72B8008D2FD4 /* Fabric.framework */; };
		19693C2022F8960200DFD07E /* ImageCollectionViewCell.swift in Sources */ = {isa = PBXBuildFile; fileRef = 19693C1F22F8960200DFD07E /* ImageCollectionViewCell.swift */; };
		19693C2222F8986B00DFD07E /* Image.swift in Sources */ = {isa = PBXBuildFile; fileRef = 19693C2122F8986B00DFD07E /* Image.swift */; };
		19693C2422F8D08B00DFD07E /* UIColor+Extension.swift in Sources */ = {isa = PBXBuildFile; fileRef = 19693C2322F8D08B00DFD07E /* UIColor+Extension.swift */; };
		197181AD22E638FA009161BE /* AlertView.xib in Resources */ = {isa = PBXBuildFile; fileRef = 197181AC22E638FA009161BE /* AlertView.xib */; };
		197181AF22E63CF6009161BE /* AlertView.swift in Sources */ = {isa = PBXBuildFile; fileRef = 197181AE22E63CF6009161BE /* AlertView.swift */; };
		197181B322E77E52009161BE /* RegistrationStep1ViewController.swift in Sources */ = {isa = PBXBuildFile; fileRef = 197181B222E77E52009161BE /* RegistrationStep1ViewController.swift */; };
		199E8AA722DFB93C0065E423 /* GradientView.swift in Sources */ = {isa = PBXBuildFile; fileRef = 199E8AA622DFB93C0065E423 /* GradientView.swift */; };
		19A47ECC22EA5DBF001B6E13 /* RegistrationViewController.swift in Sources */ = {isa = PBXBuildFile; fileRef = 19A47ECB22EA5DBF001B6E13 /* RegistrationViewController.swift */; };
		19A6FF7122E0D53600D3B41E /* LoginViewController.swift in Sources */ = {isa = PBXBuildFile; fileRef = 19A6FF7022E0D53600D3B41E /* LoginViewController.swift */; };
		19A6FF7522E1852800D3B41E /* DesignableUIButton.swift in Sources */ = {isa = PBXBuildFile; fileRef = 19A6FF7422E1852800D3B41E /* DesignableUIButton.swift */; };
		19A6FF8A22E18EB500D3B41E /* Montserrat-LightItalic.ttf in Resources */ = {isa = PBXBuildFile; fileRef = 19A6FF7722E18EB500D3B41E /* Montserrat-LightItalic.ttf */; };
		19A6FF8B22E18EB500D3B41E /* Montserrat-Medium.ttf in Resources */ = {isa = PBXBuildFile; fileRef = 19A6FF7822E18EB500D3B41E /* Montserrat-Medium.ttf */; };
		19A6FF8C22E18EB500D3B41E /* Montserrat-BoldItalic.ttf in Resources */ = {isa = PBXBuildFile; fileRef = 19A6FF7922E18EB500D3B41E /* Montserrat-BoldItalic.ttf */; };
		19A6FF8D22E18EB500D3B41E /* Montserrat-Light.ttf in Resources */ = {isa = PBXBuildFile; fileRef = 19A6FF7A22E18EB500D3B41E /* Montserrat-Light.ttf */; };
		19A6FF8E22E18EB500D3B41E /* Montserrat-ThinItalic.ttf in Resources */ = {isa = PBXBuildFile; fileRef = 19A6FF7B22E18EB500D3B41E /* Montserrat-ThinItalic.ttf */; };
		19A6FF9022E18EB500D3B41E /* Montserrat-Thin.ttf in Resources */ = {isa = PBXBuildFile; fileRef = 19A6FF7D22E18EB500D3B41E /* Montserrat-Thin.ttf */; };
		19A6FF9122E18EB500D3B41E /* Montserrat-Bold.ttf in Resources */ = {isa = PBXBuildFile; fileRef = 19A6FF7E22E18EB500D3B41E /* Montserrat-Bold.ttf */; };
		19A6FF9222E18EB500D3B41E /* Montserrat-MediumItalic.ttf in Resources */ = {isa = PBXBuildFile; fileRef = 19A6FF7F22E18EB500D3B41E /* Montserrat-MediumItalic.ttf */; };
		19A6FF9422E18EB500D3B41E /* Montserrat-RegularItalic.ttf in Resources */ = {isa = PBXBuildFile; fileRef = 19A6FF8122E18EB500D3B41E /* Montserrat-RegularItalic.ttf */; };
		19A6FF9822E18EB500D3B41E /* OFL.txt in Resources */ = {isa = PBXBuildFile; fileRef = 19A6FF8522E18EB500D3B41E /* OFL.txt */; };
		19A6FF9A22E18EB500D3B41E /* Montserrat-Regular.ttf in Resources */ = {isa = PBXBuildFile; fileRef = 19A6FF8722E18EB500D3B41E /* Montserrat-Regular.ttf */; };
		19A6FFAB22E18EC900D3B41E /* Roboto-Medium.ttf in Resources */ = {isa = PBXBuildFile; fileRef = 19A6FF9E22E18EC900D3B41E /* Roboto-Medium.ttf */; };
		19A6FFAC22E18EC900D3B41E /* Roboto-Light.ttf in Resources */ = {isa = PBXBuildFile; fileRef = 19A6FF9F22E18EC900D3B41E /* Roboto-Light.ttf */; };
		19A6FFAD22E18EC900D3B41E /* Roboto-Regular.ttf in Resources */ = {isa = PBXBuildFile; fileRef = 19A6FFA022E18EC900D3B41E /* Roboto-Regular.ttf */; };
		19A6FFAE22E18EC900D3B41E /* Roboto-MediumItalic.ttf in Resources */ = {isa = PBXBuildFile; fileRef = 19A6FFA122E18EC900D3B41E /* Roboto-MediumItalic.ttf */; };
		19A6FFAF22E18EC900D3B41E /* Roboto-ThinItalic.ttf in Resources */ = {isa = PBXBuildFile; fileRef = 19A6FFA222E18EC900D3B41E /* Roboto-ThinItalic.ttf */; };
		19A6FFB022E18EC900D3B41E /* Roboto-BoldItalic.ttf in Resources */ = {isa = PBXBuildFile; fileRef = 19A6FFA322E18EC900D3B41E /* Roboto-BoldItalic.ttf */; };
		19A6FFB122E18EC900D3B41E /* Roboto-LightItalic.ttf in Resources */ = {isa = PBXBuildFile; fileRef = 19A6FFA422E18EC900D3B41E /* Roboto-LightItalic.ttf */; };
		19A6FFB222E18EC900D3B41E /* LICENSE.txt in Resources */ = {isa = PBXBuildFile; fileRef = 19A6FFA522E18EC900D3B41E /* LICENSE.txt */; };
		19A6FFB422E18EC900D3B41E /* Roboto-Bold.ttf in Resources */ = {isa = PBXBuildFile; fileRef = 19A6FFA722E18EC900D3B41E /* Roboto-Bold.ttf */; };
		19A6FFB522E18EC900D3B41E /* Roboto-Thin.ttf in Resources */ = {isa = PBXBuildFile; fileRef = 19A6FFA822E18EC900D3B41E /* Roboto-Thin.ttf */; };
		19A6FFB722E18EC900D3B41E /* Roboto-RegularItalic.ttf in Resources */ = {isa = PBXBuildFile; fileRef = 19A6FFAA22E18EC900D3B41E /* Roboto-RegularItalic.ttf */; };
		19A6FFBB22E22FB300D3B41E /* UIViewController+Extension.swift in Sources */ = {isa = PBXBuildFile; fileRef = 19A6FFBA22E22FB300D3B41E /* UIViewController+Extension.swift */; };
		19A6FFBF22E248CF00D3B41E /* DesignableTextField.swift in Sources */ = {isa = PBXBuildFile; fileRef = 19A6FFBE22E248CF00D3B41E /* DesignableTextField.swift */; };
		19A6FFC122E2659F00D3B41E /* PasswordRecoveryViewController.swift in Sources */ = {isa = PBXBuildFile; fileRef = 19A6FFC022E2659F00D3B41E /* PasswordRecoveryViewController.swift */; };
		19B0A3CE22F3606600880F09 /* PublicProfileViewController.swift in Sources */ = {isa = PBXBuildFile; fileRef = 19B0A3CD22F3606600880F09 /* PublicProfileViewController.swift */; };
		19B0A3D022F4CE6B00880F09 /* Service.swift in Sources */ = {isa = PBXBuildFile; fileRef = 19B0A3CF22F4CE6B00880F09 /* Service.swift */; };
		19B0A3D222F4DAD600880F09 /* ServiceShowTableViewCell.swift in Sources */ = {isa = PBXBuildFile; fileRef = 19B0A3D122F4DAD600880F09 /* ServiceShowTableViewCell.swift */; };
		19D9F90822EB70B100A8601D /* DesignableTextView.swift in Sources */ = {isa = PBXBuildFile; fileRef = 19D9F90722EB70B100A8601D /* DesignableTextView.swift */; };
		19D9F90D22EBB6BF00A8601D /* OnboardViewController.swift in Sources */ = {isa = PBXBuildFile; fileRef = 19D9F90C22EBB6BF00A8601D /* OnboardViewController.swift */; };
		19D9F90F22EBDC9800A8601D /* OnboardingSearchViewController.swift in Sources */ = {isa = PBXBuildFile; fileRef = 19D9F90E22EBDC9800A8601D /* OnboardingSearchViewController.swift */; };
		19D9F91122EC15F100A8601D /* CustomCellTableViewCell.swift in Sources */ = {isa = PBXBuildFile; fileRef = 19D9F91022EC15F100A8601D /* CustomCellTableViewCell.swift */; };
		19D9F91322EF4D4700A8601D /* Navigation.storyboard in Resources */ = {isa = PBXBuildFile; fileRef = 19D9F91222EF4D4700A8601D /* Navigation.storyboard */; };
		19E3D9D922F0B7BB0096AA98 /* SearchResults.storyboard in Resources */ = {isa = PBXBuildFile; fileRef = 19E3D9D822F0B7BB0096AA98 /* SearchResults.storyboard */; };
		19E3D9DB22F0B9B40096AA98 /* ActiveJobs.storyboard in Resources */ = {isa = PBXBuildFile; fileRef = 19E3D9DA22F0B9B40096AA98 /* ActiveJobs.storyboard */; };
		19E3D9DD22F0BA7D0096AA98 /* Chat.storyboard in Resources */ = {isa = PBXBuildFile; fileRef = 19E3D9DC22F0BA7D0096AA98 /* Chat.storyboard */; };
		19E3D9DF22F0BAEC0096AA98 /* Properties.storyboard in Resources */ = {isa = PBXBuildFile; fileRef = 19E3D9DE22F0BAEC0096AA98 /* Properties.storyboard */; };
		19E3D9E322F0BB7C0096AA98 /* Settings.storyboard in Resources */ = {isa = PBXBuildFile; fileRef = 19E3D9E222F0BB7C0096AA98 /* Settings.storyboard */; };
		19EA98DC22FA1A6C007977A7 /* Property.swift in Sources */ = {isa = PBXBuildFile; fileRef = 19EA98DB22FA1A6C007977A7 /* Property.swift */; };
		19EA98DE22FA1F84007977A7 /* PropertyViewController.swift in Sources */ = {isa = PBXBuildFile; fileRef = 19EA98DD22FA1F84007977A7 /* PropertyViewController.swift */; };
		1B3A154CCBAF542629FD5928 /* Pods_WhouseApp.framework in Frameworks */ = {isa = PBXBuildFile; fileRef = 7939947FEA4ACF8F5790A73D /* Pods_WhouseApp.framework */; };
/* End PBXBuildFile section */

/* Begin PBXFileReference section */
		11341356062D69C50E6FB49E /* Pods-WhouseApp.release.xcconfig */ = {isa = PBXFileReference; includeInIndex = 1; lastKnownFileType = text.xcconfig; name = "Pods-WhouseApp.release.xcconfig"; path = "Target Support Files/Pods-WhouseApp/Pods-WhouseApp.release.xcconfig"; sourceTree = "<group>"; };
		19279E9022E8ABFE008E89C5 /* RegistrationStep2ViewController.swift */ = {isa = PBXFileReference; lastKnownFileType = sourcecode.swift; path = RegistrationStep2ViewController.swift; sourceTree = "<group>"; };
		19279E9222E8AD84008E89C5 /* RegistrationStep3ViewController.swift */ = {isa = PBXFileReference; lastKnownFileType = sourcecode.swift; path = RegistrationStep3ViewController.swift; sourceTree = "<group>"; };
		19279E9422E8AD95008E89C5 /* RegistrationStep4ViewController.swift */ = {isa = PBXFileReference; lastKnownFileType = sourcecode.swift; path = RegistrationStep4ViewController.swift; sourceTree = "<group>"; };
		19279E9622E8ADB5008E89C5 /* RegistrationStep5ViewController.swift */ = {isa = PBXFileReference; lastKnownFileType = sourcecode.swift; path = RegistrationStep5ViewController.swift; sourceTree = "<group>"; };
		1940D46D22F0EB8A00807213 /* SearchResultsViewController.swift */ = {isa = PBXFileReference; lastKnownFileType = sourcecode.swift; path = SearchResultsViewController.swift; sourceTree = "<group>"; };
		1940D46F22F0F43C00807213 /* SearchResultsTableViewCell.swift */ = {isa = PBXFileReference; lastKnownFileType = sourcecode.swift; path = SearchResultsTableViewCell.swift; sourceTree = "<group>"; };
		1940D47122F0FF7C00807213 /* RatingControl.swift */ = {isa = PBXFileReference; lastKnownFileType = sourcecode.swift; path = RatingControl.swift; sourceTree = "<group>"; };
		1940D47322F1196E00807213 /* DesignableImageView.swift */ = {isa = PBXFileReference; lastKnownFileType = sourcecode.swift; path = DesignableImageView.swift; sourceTree = "<group>"; };
		1940D47522F1EFCB00807213 /* TableResultsViewController.swift */ = {isa = PBXFileReference; lastKnownFileType = sourcecode.swift; path = TableResultsViewController.swift; sourceTree = "<group>"; };
		1940D47722F23E8100807213 /* DesignableLabel.swift */ = {isa = PBXFileReference; lastKnownFileType = sourcecode.swift; path = DesignableLabel.swift; sourceTree = "<group>"; };
		1940D47A22F2572B00807213 /* PropertyTableViewCell.swift */ = {isa = PBXFileReference; lastKnownFileType = sourcecode.swift; path = PropertyTableViewCell.swift; sourceTree = "<group>"; };
		1940D47C22F2587300807213 /* PropertiesTableViewController.swift */ = {isa = PBXFileReference; lastKnownFileType = sourcecode.swift; path = PropertiesTableViewController.swift; sourceTree = "<group>"; };
		1940D47F22F328B300807213 /* User.swift */ = {isa = PBXFileReference; lastKnownFileType = sourcecode.swift; path = User.swift; sourceTree = "<group>"; };
		1953C36822DF6F43008D2FD4 /* WhouseApp.app */ = {isa = PBXFileReference; explicitFileType = wrapper.application; includeInIndex = 0; path = WhouseApp.app; sourceTree = BUILT_PRODUCTS_DIR; };
		1953C36B22DF6F43008D2FD4 /* AppDelegate.swift */ = {isa = PBXFileReference; lastKnownFileType = sourcecode.swift; path = AppDelegate.swift; sourceTree = "<group>"; };
		1953C37022DF6F43008D2FD4 /* Base */ = {isa = PBXFileReference; lastKnownFileType = file.storyboard; name = Base; path = Base.lproj/Main.storyboard; sourceTree = "<group>"; };
		1953C37222DF6F44008D2FD4 /* Assets.xcassets */ = {isa = PBXFileReference; lastKnownFileType = folder.assetcatalog; path = Assets.xcassets; sourceTree = "<group>"; };
		1953C37522DF6F44008D2FD4 /* Base */ = {isa = PBXFileReference; lastKnownFileType = file.storyboard; name = Base; path = Base.lproj/LaunchScreen.storyboard; sourceTree = "<group>"; };
		1953C37722DF6F44008D2FD4 /* Info.plist */ = {isa = PBXFileReference; lastKnownFileType = text.plist.xml; path = Info.plist; sourceTree = "<group>"; };
		1953C37E22DF72B8008D2FD4 /* Crashlytics.framework */ = {isa = PBXFileReference; lastKnownFileType = wrapper.framework; path = Crashlytics.framework; sourceTree = "<group>"; };
		1953C37F22DF72B8008D2FD4 /* Fabric.framework */ = {isa = PBXFileReference; lastKnownFileType = wrapper.framework; path = Fabric.framework; sourceTree = "<group>"; };
		19693C1F22F8960200DFD07E /* ImageCollectionViewCell.swift */ = {isa = PBXFileReference; lastKnownFileType = sourcecode.swift; path = ImageCollectionViewCell.swift; sourceTree = "<group>"; };
		19693C2122F8986B00DFD07E /* Image.swift */ = {isa = PBXFileReference; lastKnownFileType = sourcecode.swift; path = Image.swift; sourceTree = "<group>"; };
		19693C2322F8D08B00DFD07E /* UIColor+Extension.swift */ = {isa = PBXFileReference; lastKnownFileType = sourcecode.swift; path = "UIColor+Extension.swift"; sourceTree = "<group>"; };
		197181AC22E638FA009161BE /* AlertView.xib */ = {isa = PBXFileReference; lastKnownFileType = file.xib; path = AlertView.xib; sourceTree = "<group>"; };
		197181AE22E63CF6009161BE /* AlertView.swift */ = {isa = PBXFileReference; lastKnownFileType = sourcecode.swift; path = AlertView.swift; sourceTree = "<group>"; };
		197181B222E77E52009161BE /* RegistrationStep1ViewController.swift */ = {isa = PBXFileReference; lastKnownFileType = sourcecode.swift; path = RegistrationStep1ViewController.swift; sourceTree = "<group>"; };
		199E8AA622DFB93C0065E423 /* GradientView.swift */ = {isa = PBXFileReference; lastKnownFileType = sourcecode.swift; path = GradientView.swift; sourceTree = "<group>"; };
		19A47ECB22EA5DBF001B6E13 /* RegistrationViewController.swift */ = {isa = PBXFileReference; lastKnownFileType = sourcecode.swift; path = RegistrationViewController.swift; sourceTree = "<group>"; };
		19A6FF7022E0D53600D3B41E /* LoginViewController.swift */ = {isa = PBXFileReference; lastKnownFileType = sourcecode.swift; path = LoginViewController.swift; sourceTree = "<group>"; };
		19A6FF7422E1852800D3B41E /* DesignableUIButton.swift */ = {isa = PBXFileReference; lastKnownFileType = sourcecode.swift; path = DesignableUIButton.swift; sourceTree = "<group>"; };
		19A6FF7722E18EB500D3B41E /* Montserrat-LightItalic.ttf */ = {isa = PBXFileReference; lastKnownFileType = file; path = "Montserrat-LightItalic.ttf"; sourceTree = "<group>"; };
		19A6FF7822E18EB500D3B41E /* Montserrat-Medium.ttf */ = {isa = PBXFileReference; lastKnownFileType = file; path = "Montserrat-Medium.ttf"; sourceTree = "<group>"; };
		19A6FF7922E18EB500D3B41E /* Montserrat-BoldItalic.ttf */ = {isa = PBXFileReference; lastKnownFileType = file; path = "Montserrat-BoldItalic.ttf"; sourceTree = "<group>"; };
		19A6FF7A22E18EB500D3B41E /* Montserrat-Light.ttf */ = {isa = PBXFileReference; lastKnownFileType = file; path = "Montserrat-Light.ttf"; sourceTree = "<group>"; };
		19A6FF7B22E18EB500D3B41E /* Montserrat-ThinItalic.ttf */ = {isa = PBXFileReference; lastKnownFileType = file; path = "Montserrat-ThinItalic.ttf"; sourceTree = "<group>"; };
		19A6FF7D22E18EB500D3B41E /* Montserrat-Thin.ttf */ = {isa = PBXFileReference; lastKnownFileType = file; path = "Montserrat-Thin.ttf"; sourceTree = "<group>"; };
		19A6FF7E22E18EB500D3B41E /* Montserrat-Bold.ttf */ = {isa = PBXFileReference; lastKnownFileType = file; path = "Montserrat-Bold.ttf"; sourceTree = "<group>"; };
		19A6FF7F22E18EB500D3B41E /* Montserrat-MediumItalic.ttf */ = {isa = PBXFileReference; lastKnownFileType = file; path = "Montserrat-MediumItalic.ttf"; sourceTree = "<group>"; };
		19A6FF8122E18EB500D3B41E /* Montserrat-RegularItalic.ttf */ = {isa = PBXFileReference; lastKnownFileType = file; path = "Montserrat-RegularItalic.ttf"; sourceTree = "<group>"; };
		19A6FF8522E18EB500D3B41E /* OFL.txt */ = {isa = PBXFileReference; fileEncoding = 4; lastKnownFileType = text; path = OFL.txt; sourceTree = "<group>"; };
		19A6FF8722E18EB500D3B41E /* Montserrat-Regular.ttf */ = {isa = PBXFileReference; lastKnownFileType = file; path = "Montserrat-Regular.ttf"; sourceTree = "<group>"; };
		19A6FF9E22E18EC900D3B41E /* Roboto-Medium.ttf */ = {isa = PBXFileReference; lastKnownFileType = file; path = "Roboto-Medium.ttf"; sourceTree = "<group>"; };
		19A6FF9F22E18EC900D3B41E /* Roboto-Light.ttf */ = {isa = PBXFileReference; lastKnownFileType = file; path = "Roboto-Light.ttf"; sourceTree = "<group>"; };
		19A6FFA022E18EC900D3B41E /* Roboto-Regular.ttf */ = {isa = PBXFileReference; lastKnownFileType = file; path = "Roboto-Regular.ttf"; sourceTree = "<group>"; };
		19A6FFA122E18EC900D3B41E /* Roboto-MediumItalic.ttf */ = {isa = PBXFileReference; lastKnownFileType = file; path = "Roboto-MediumItalic.ttf"; sourceTree = "<group>"; };
		19A6FFA222E18EC900D3B41E /* Roboto-ThinItalic.ttf */ = {isa = PBXFileReference; lastKnownFileType = file; path = "Roboto-ThinItalic.ttf"; sourceTree = "<group>"; };
		19A6FFA322E18EC900D3B41E /* Roboto-BoldItalic.ttf */ = {isa = PBXFileReference; lastKnownFileType = file; path = "Roboto-BoldItalic.ttf"; sourceTree = "<group>"; };
		19A6FFA422E18EC900D3B41E /* Roboto-LightItalic.ttf */ = {isa = PBXFileReference; lastKnownFileType = file; path = "Roboto-LightItalic.ttf"; sourceTree = "<group>"; };
		19A6FFA522E18EC900D3B41E /* LICENSE.txt */ = {isa = PBXFileReference; fileEncoding = 4; lastKnownFileType = text; path = LICENSE.txt; sourceTree = "<group>"; };
		19A6FFA722E18EC900D3B41E /* Roboto-Bold.ttf */ = {isa = PBXFileReference; lastKnownFileType = file; path = "Roboto-Bold.ttf"; sourceTree = "<group>"; };
		19A6FFA822E18EC900D3B41E /* Roboto-Thin.ttf */ = {isa = PBXFileReference; lastKnownFileType = file; path = "Roboto-Thin.ttf"; sourceTree = "<group>"; };
		19A6FFAA22E18EC900D3B41E /* Roboto-RegularItalic.ttf */ = {isa = PBXFileReference; lastKnownFileType = file; path = "Roboto-RegularItalic.ttf"; sourceTree = "<group>"; };
		19A6FFBA22E22FB300D3B41E /* UIViewController+Extension.swift */ = {isa = PBXFileReference; lastKnownFileType = sourcecode.swift; path = "UIViewController+Extension.swift"; sourceTree = "<group>"; };
		19A6FFBE22E248CF00D3B41E /* DesignableTextField.swift */ = {isa = PBXFileReference; lastKnownFileType = sourcecode.swift; path = DesignableTextField.swift; sourceTree = "<group>"; };
		19A6FFC022E2659F00D3B41E /* PasswordRecoveryViewController.swift */ = {isa = PBXFileReference; lastKnownFileType = sourcecode.swift; path = PasswordRecoveryViewController.swift; sourceTree = "<group>"; };
		19B0A3CD22F3606600880F09 /* PublicProfileViewController.swift */ = {isa = PBXFileReference; lastKnownFileType = sourcecode.swift; path = PublicProfileViewController.swift; sourceTree = "<group>"; };
		19B0A3CF22F4CE6B00880F09 /* Service.swift */ = {isa = PBXFileReference; lastKnownFileType = sourcecode.swift; path = Service.swift; sourceTree = "<group>"; };
		19B0A3D122F4DAD600880F09 /* ServiceShowTableViewCell.swift */ = {isa = PBXFileReference; lastKnownFileType = sourcecode.swift; path = ServiceShowTableViewCell.swift; sourceTree = "<group>"; };
		19D9F90722EB70B100A8601D /* DesignableTextView.swift */ = {isa = PBXFileReference; lastKnownFileType = sourcecode.swift; path = DesignableTextView.swift; sourceTree = "<group>"; };
		19D9F90C22EBB6BF00A8601D /* OnboardViewController.swift */ = {isa = PBXFileReference; lastKnownFileType = sourcecode.swift; path = OnboardViewController.swift; sourceTree = "<group>"; };
		19D9F90E22EBDC9800A8601D /* OnboardingSearchViewController.swift */ = {isa = PBXFileReference; lastKnownFileType = sourcecode.swift; path = OnboardingSearchViewController.swift; sourceTree = "<group>"; };
		19D9F91022EC15F100A8601D /* CustomCellTableViewCell.swift */ = {isa = PBXFileReference; lastKnownFileType = sourcecode.swift; path = CustomCellTableViewCell.swift; sourceTree = "<group>"; };
		19D9F91222EF4D4700A8601D /* Navigation.storyboard */ = {isa = PBXFileReference; lastKnownFileType = file.storyboard; path = Navigation.storyboard; sourceTree = "<group>"; };
		19E3D9D822F0B7BB0096AA98 /* SearchResults.storyboard */ = {isa = PBXFileReference; lastKnownFileType = file.storyboard; path = SearchResults.storyboard; sourceTree = "<group>"; };
		19E3D9DA22F0B9B40096AA98 /* ActiveJobs.storyboard */ = {isa = PBXFileReference; lastKnownFileType = file.storyboard; path = ActiveJobs.storyboard; sourceTree = "<group>"; };
		19E3D9DC22F0BA7D0096AA98 /* Chat.storyboard */ = {isa = PBXFileReference; lastKnownFileType = file.storyboard; path = Chat.storyboard; sourceTree = "<group>"; };
		19E3D9DE22F0BAEC0096AA98 /* Properties.storyboard */ = {isa = PBXFileReference; lastKnownFileType = file.storyboard; path = Properties.storyboard; sourceTree = "<group>"; };
		19E3D9E222F0BB7C0096AA98 /* Settings.storyboard */ = {isa = PBXFileReference; lastKnownFileType = file.storyboard; path = Settings.storyboard; sourceTree = "<group>"; };
		19EA98DB22FA1A6C007977A7 /* Property.swift */ = {isa = PBXFileReference; lastKnownFileType = sourcecode.swift; path = Property.swift; sourceTree = "<group>"; };
		19EA98DD22FA1F84007977A7 /* PropertyViewController.swift */ = {isa = PBXFileReference; lastKnownFileType = sourcecode.swift; path = PropertyViewController.swift; sourceTree = "<group>"; };
		7939947FEA4ACF8F5790A73D /* Pods_WhouseApp.framework */ = {isa = PBXFileReference; explicitFileType = wrapper.framework; includeInIndex = 0; path = Pods_WhouseApp.framework; sourceTree = BUILT_PRODUCTS_DIR; };
		DA1C7D108A9607479BAE7EDD /* Pods-WhouseApp.debug.xcconfig */ = {isa = PBXFileReference; includeInIndex = 1; lastKnownFileType = text.xcconfig; name = "Pods-WhouseApp.debug.xcconfig"; path = "Target Support Files/Pods-WhouseApp/Pods-WhouseApp.debug.xcconfig"; sourceTree = "<group>"; };
/* End PBXFileReference section */

/* Begin PBXFrameworksBuildPhase section */
		1953C36522DF6F43008D2FD4 /* Frameworks */ = {
			isa = PBXFrameworksBuildPhase;
			buildActionMask = 2147483647;
			files = (
				1953C38022DF72B8008D2FD4 /* Crashlytics.framework in Frameworks */,
				1953C38122DF72B8008D2FD4 /* Fabric.framework in Frameworks */,
				1B3A154CCBAF542629FD5928 /* Pods_WhouseApp.framework in Frameworks */,
			);
			runOnlyForDeploymentPostprocessing = 0;
		};
/* End PBXFrameworksBuildPhase section */

/* Begin PBXGroup section */
		19279E8D22E793AA008E89C5 /* App */ = {
			isa = PBXGroup;
			children = (
				1953C36B22DF6F43008D2FD4 /* AppDelegate.swift */,
				1953C37222DF6F44008D2FD4 /* Assets.xcassets */,
				1953C37422DF6F44008D2FD4 /* LaunchScreen.storyboard */,
			);
			path = App;
			sourceTree = "<group>";
		};
		19279E8E22E793D2008E89C5 /* Controllers */ = {
			isa = PBXGroup;
			children = (
				19B0A3CC22F3603C00880F09 /* PublicProfile */,
				1940D47922F256C000807213 /* Properties */,
				1940D46C22F0EB6900807213 /* SearchResults */,
				1940D46B22F0EAE000807213 /* Login */,
				1940D46822F0E88B00807213 /* Registration */,
				1940D46922F0EABE00807213 /* Onboarding */,
				1940D46A22F0EAC900807213 /* OnboardingSearch */,
			);
			path = Controllers;
			sourceTree = "<group>";
		};
		19279E8F22E793F2008E89C5 /* Components */ = {
			isa = PBXGroup;
			children = (
				199E8AA622DFB93C0065E423 /* GradientView.swift */,
				19A6FF7422E1852800D3B41E /* DesignableUIButton.swift */,
				19A6FFBE22E248CF00D3B41E /* DesignableTextField.swift */,
				19D9F90722EB70B100A8601D /* DesignableTextView.swift */,
				19D9F91022EC15F100A8601D /* CustomCellTableViewCell.swift */,
				1940D47122F0FF7C00807213 /* RatingControl.swift */,
				1940D47322F1196E00807213 /* DesignableImageView.swift */,
				1940D47722F23E8100807213 /* DesignableLabel.swift */,
			);
			path = Components;
			sourceTree = "<group>";
		};
		1940D46822F0E88B00807213 /* Registration */ = {
			isa = PBXGroup;
			children = (
				197181B222E77E52009161BE /* RegistrationStep1ViewController.swift */,
				19279E9022E8ABFE008E89C5 /* RegistrationStep2ViewController.swift */,
				19279E9222E8AD84008E89C5 /* RegistrationStep3ViewController.swift */,
				19279E9422E8AD95008E89C5 /* RegistrationStep4ViewController.swift */,
				19279E9622E8ADB5008E89C5 /* RegistrationStep5ViewController.swift */,
				19A47ECB22EA5DBF001B6E13 /* RegistrationViewController.swift */,
			);
			path = Registration;
			sourceTree = "<group>";
		};
		1940D46922F0EABE00807213 /* Onboarding */ = {
			isa = PBXGroup;
			children = (
				19D9F90C22EBB6BF00A8601D /* OnboardViewController.swift */,
			);
			path = Onboarding;
			sourceTree = "<group>";
		};
		1940D46A22F0EAC900807213 /* OnboardingSearch */ = {
			isa = PBXGroup;
			children = (
				19D9F90E22EBDC9800A8601D /* OnboardingSearchViewController.swift */,
			);
			path = OnboardingSearch;
			sourceTree = "<group>";
		};
		1940D46B22F0EAE000807213 /* Login */ = {
			isa = PBXGroup;
			children = (
				19A6FFC022E2659F00D3B41E /* PasswordRecoveryViewController.swift */,
				19A6FF7022E0D53600D3B41E /* LoginViewController.swift */,
			);
			path = Login;
			sourceTree = "<group>";
		};
		1940D46C22F0EB6900807213 /* SearchResults */ = {
			isa = PBXGroup;
			children = (
				1940D46D22F0EB8A00807213 /* SearchResultsViewController.swift */,
				1940D46F22F0F43C00807213 /* SearchResultsTableViewCell.swift */,
				1940D47522F1EFCB00807213 /* TableResultsViewController.swift */,
			);
			path = SearchResults;
			sourceTree = "<group>";
		};
		1940D47922F256C000807213 /* Properties */ = {
			isa = PBXGroup;
			children = (
				1940D47A22F2572B00807213 /* PropertyTableViewCell.swift */,
				1940D47C22F2587300807213 /* PropertiesTableViewController.swift */,
				19EA98DD22FA1F84007977A7 /* PropertyViewController.swift */,
			);
			path = Properties;
			sourceTree = "<group>";
		};
		1940D47E22F3288200807213 /* Models */ = {
			isa = PBXGroup;
			children = (
				1940D47F22F328B300807213 /* User.swift */,
				19B0A3CF22F4CE6B00880F09 /* Service.swift */,
				19693C2122F8986B00DFD07E /* Image.swift */,
				19EA98DB22FA1A6C007977A7 /* Property.swift */,
			);
			path = Models;
			sourceTree = "<group>";
		};
		1953C35F22DF6F43008D2FD4 = {
			isa = PBXGroup;
			children = (
				1953C36A22DF6F43008D2FD4 /* WhouseApp */,
				1953C36922DF6F43008D2FD4 /* Products */,
				1953C37E22DF72B8008D2FD4 /* Crashlytics.framework */,
				1953C37F22DF72B8008D2FD4 /* Fabric.framework */,
				6A86D27EFE41F6A96B456341 /* Pods */,
				821CBB8A4DD478157FBC12A7 /* Frameworks */,
			);
			sourceTree = "<group>";
		};
		1953C36922DF6F43008D2FD4 /* Products */ = {
			isa = PBXGroup;
			children = (
				1953C36822DF6F43008D2FD4 /* WhouseApp.app */,
			);
			name = Products;
			sourceTree = "<group>";
		};
		1953C36A22DF6F43008D2FD4 /* WhouseApp */ = {
			isa = PBXGroup;
			children = (
				1940D47E22F3288200807213 /* Models */,
				19279E8F22E793F2008E89C5 /* Components */,
				19279E8D22E793AA008E89C5 /* App */,
				197181AB22E638D6009161BE /* Alerts */,
				19A6FFB922E22F7200D3B41E /* Extensions */,
				19A6FFB822E18FCC00D3B41E /* fonts */,
				19279E8E22E793D2008E89C5 /* Controllers */,
				1953C36F22DF6F43008D2FD4 /* Main.storyboard */,
				1953C37722DF6F44008D2FD4 /* Info.plist */,
				19E3D9E222F0BB7C0096AA98 /* Settings.storyboard */,
				19D9F91222EF4D4700A8601D /* Navigation.storyboard */,
				19E3D9DE22F0BAEC0096AA98 /* Properties.storyboard */,
				19E3D9DC22F0BA7D0096AA98 /* Chat.storyboard */,
				19E3D9D822F0B7BB0096AA98 /* SearchResults.storyboard */,
				19E3D9DA22F0B9B40096AA98 /* ActiveJobs.storyboard */,
			);
			path = WhouseApp;
			sourceTree = "<group>";
		};
		197181AB22E638D6009161BE /* Alerts */ = {
			isa = PBXGroup;
			children = (
				197181AC22E638FA009161BE /* AlertView.xib */,
				197181AE22E63CF6009161BE /* AlertView.swift */,
			);
			path = Alerts;
			sourceTree = "<group>";
		};
		19A6FF7622E18EB500D3B41E /* Montserrat */ = {
			isa = PBXGroup;
			children = (
				19A6FF7722E18EB500D3B41E /* Montserrat-LightItalic.ttf */,
				19A6FF7822E18EB500D3B41E /* Montserrat-Medium.ttf */,
				19A6FF7922E18EB500D3B41E /* Montserrat-BoldItalic.ttf */,
				19A6FF7A22E18EB500D3B41E /* Montserrat-Light.ttf */,
				19A6FF7B22E18EB500D3B41E /* Montserrat-ThinItalic.ttf */,
				19A6FF7D22E18EB500D3B41E /* Montserrat-Thin.ttf */,
				19A6FF7E22E18EB500D3B41E /* Montserrat-Bold.ttf */,
				19A6FF7F22E18EB500D3B41E /* Montserrat-MediumItalic.ttf */,
				19A6FF8122E18EB500D3B41E /* Montserrat-RegularItalic.ttf */,
				19A6FF8522E18EB500D3B41E /* OFL.txt */,
				19A6FF8722E18EB500D3B41E /* Montserrat-Regular.ttf */,
			);
			path = Montserrat;
			sourceTree = "<group>";
		};
		19A6FF9D22E18EC900D3B41E /* Roboto */ = {
			isa = PBXGroup;
			children = (
				19A6FF9E22E18EC900D3B41E /* Roboto-Medium.ttf */,
				19A6FF9F22E18EC900D3B41E /* Roboto-Light.ttf */,
				19A6FFA022E18EC900D3B41E /* Roboto-Regular.ttf */,
				19A6FFA122E18EC900D3B41E /* Roboto-MediumItalic.ttf */,
				19A6FFA222E18EC900D3B41E /* Roboto-ThinItalic.ttf */,
				19A6FFA322E18EC900D3B41E /* Roboto-BoldItalic.ttf */,
				19A6FFA422E18EC900D3B41E /* Roboto-LightItalic.ttf */,
				19A6FFA522E18EC900D3B41E /* LICENSE.txt */,
				19A6FFA722E18EC900D3B41E /* Roboto-Bold.ttf */,
				19A6FFA822E18EC900D3B41E /* Roboto-Thin.ttf */,
				19A6FFAA22E18EC900D3B41E /* Roboto-RegularItalic.ttf */,
			);
			path = Roboto;
			sourceTree = "<group>";
		};
		19A6FFB822E18FCC00D3B41E /* fonts */ = {
			isa = PBXGroup;
			children = (
				19A6FF9D22E18EC900D3B41E /* Roboto */,
				19A6FF7622E18EB500D3B41E /* Montserrat */,
			);
			path = fonts;
			sourceTree = "<group>";
		};
		19A6FFB922E22F7200D3B41E /* Extensions */ = {
			isa = PBXGroup;
			children = (
				19A6FFBA22E22FB300D3B41E /* UIViewController+Extension.swift */,
				19693C2322F8D08B00DFD07E /* UIColor+Extension.swift */,
			);
			path = Extensions;
			sourceTree = "<group>";
		};
		19B0A3CC22F3603C00880F09 /* PublicProfile */ = {
			isa = PBXGroup;
			children = (
				19B0A3CD22F3606600880F09 /* PublicProfileViewController.swift */,
				19B0A3D122F4DAD600880F09 /* ServiceShowTableViewCell.swift */,
				19693C1F22F8960200DFD07E /* ImageCollectionViewCell.swift */,
			);
			path = PublicProfile;
			sourceTree = "<group>";
		};
		6A86D27EFE41F6A96B456341 /* Pods */ = {
			isa = PBXGroup;
			children = (
				DA1C7D108A9607479BAE7EDD /* Pods-WhouseApp.debug.xcconfig */,
				11341356062D69C50E6FB49E /* Pods-WhouseApp.release.xcconfig */,
			);
			path = Pods;
			sourceTree = "<group>";
		};
		821CBB8A4DD478157FBC12A7 /* Frameworks */ = {
			isa = PBXGroup;
			children = (
				7939947FEA4ACF8F5790A73D /* Pods_WhouseApp.framework */,
			);
			name = Frameworks;
			sourceTree = "<group>";
		};
/* End PBXGroup section */

/* Begin PBXNativeTarget section */
		1953C36722DF6F43008D2FD4 /* WhouseApp */ = {
			isa = PBXNativeTarget;
			buildConfigurationList = 1953C37A22DF6F44008D2FD4 /* Build configuration list for PBXNativeTarget "WhouseApp" */;
			buildPhases = (
				8CE6E0199943C9A869C7921A /* [CP] Check Pods Manifest.lock */,
				1953C36422DF6F43008D2FD4 /* Sources */,
				1953C36522DF6F43008D2FD4 /* Frameworks */,
				1953C36622DF6F43008D2FD4 /* Resources */,
				690C32CDB0EB49BF90FCDFD3 /* [CP] Embed Pods Frameworks */,
				19B0A3D322F5DFA400880F09 /* ShellScript */,
			);
			buildRules = (
			);
			dependencies = (
			);
			name = WhouseApp;
			productName = WhouseApp;
			productReference = 1953C36822DF6F43008D2FD4 /* WhouseApp.app */;
			productType = "com.apple.product-type.application";
		};
/* End PBXNativeTarget section */

/* Begin PBXProject section */
		1953C36022DF6F43008D2FD4 /* Project object */ = {
			isa = PBXProject;
			attributes = {
				LastSwiftUpdateCheck = 1020;
				LastUpgradeCheck = 1020;
				ORGANIZATIONNAME = Nelumbo;
				TargetAttributes = {
					1953C36722DF6F43008D2FD4 = {
						CreatedOnToolsVersion = 10.2.1;
					};
				};
			};
			buildConfigurationList = 1953C36322DF6F43008D2FD4 /* Build configuration list for PBXProject "WhouseApp" */;
			compatibilityVersion = "Xcode 9.3";
			developmentRegion = en;
			hasScannedForEncodings = 0;
			knownRegions = (
				en,
				Base,
			);
			mainGroup = 1953C35F22DF6F43008D2FD4;
			productRefGroup = 1953C36922DF6F43008D2FD4 /* Products */;
			projectDirPath = "";
			projectRoot = "";
			targets = (
				1953C36722DF6F43008D2FD4 /* WhouseApp */,
			);
		};
/* End PBXProject section */

/* Begin PBXResourcesBuildPhase section */
		1953C36622DF6F43008D2FD4 /* Resources */ = {
			isa = PBXResourcesBuildPhase;
			buildActionMask = 2147483647;
			files = (
				19D9F91322EF4D4700A8601D /* Navigation.storyboard in Resources */,
				1953C37622DF6F44008D2FD4 /* LaunchScreen.storyboard in Resources */,
				19A6FFB522E18EC900D3B41E /* Roboto-Thin.ttf in Resources */,
				19A6FFB122E18EC900D3B41E /* Roboto-LightItalic.ttf in Resources */,
				19A6FF9222E18EB500D3B41E /* Montserrat-MediumItalic.ttf in Resources */,
				19A6FF8C22E18EB500D3B41E /* Montserrat-BoldItalic.ttf in Resources */,
				1953C37322DF6F44008D2FD4 /* Assets.xcassets in Resources */,
				1953C37122DF6F43008D2FD4 /* Main.storyboard in Resources */,
				19A6FFAE22E18EC900D3B41E /* Roboto-MediumItalic.ttf in Resources */,
				19A6FFAB22E18EC900D3B41E /* Roboto-Medium.ttf in Resources */,
				19E3D9DB22F0B9B40096AA98 /* ActiveJobs.storyboard in Resources */,
				197181AD22E638FA009161BE /* AlertView.xib in Resources */,
				19E3D9D922F0B7BB0096AA98 /* SearchResults.storyboard in Resources */,
				19A6FF8D22E18EB500D3B41E /* Montserrat-Light.ttf in Resources */,
				19A6FFAD22E18EC900D3B41E /* Roboto-Regular.ttf in Resources */,
				19A6FFB222E18EC900D3B41E /* LICENSE.txt in Resources */,
				19A6FF9A22E18EB500D3B41E /* Montserrat-Regular.ttf in Resources */,
				19A6FFAC22E18EC900D3B41E /* Roboto-Light.ttf in Resources */,
				19E3D9DD22F0BA7D0096AA98 /* Chat.storyboard in Resources */,
				19A6FF8E22E18EB500D3B41E /* Montserrat-ThinItalic.ttf in Resources */,
				19A6FF9822E18EB500D3B41E /* OFL.txt in Resources */,
				19A6FFB722E18EC900D3B41E /* Roboto-RegularItalic.ttf in Resources */,
				19A6FF8A22E18EB500D3B41E /* Montserrat-LightItalic.ttf in Resources */,
				19A6FFB022E18EC900D3B41E /* Roboto-BoldItalic.ttf in Resources */,
				19A6FF9022E18EB500D3B41E /* Montserrat-Thin.ttf in Resources */,
				19E3D9DF22F0BAEC0096AA98 /* Properties.storyboard in Resources */,
				19A6FF9122E18EB500D3B41E /* Montserrat-Bold.ttf in Resources */,
				19E3D9E322F0BB7C0096AA98 /* Settings.storyboard in Resources */,
				19A6FF8B22E18EB500D3B41E /* Montserrat-Medium.ttf in Resources */,
				19A6FFB422E18EC900D3B41E /* Roboto-Bold.ttf in Resources */,
				19A6FF9422E18EB500D3B41E /* Montserrat-RegularItalic.ttf in Resources */,
				19A6FFAF22E18EC900D3B41E /* Roboto-ThinItalic.ttf in Resources */,
			);
			runOnlyForDeploymentPostprocessing = 0;
		};
/* End PBXResourcesBuildPhase section */

/* Begin PBXShellScriptBuildPhase section */
		19B0A3D322F5DFA400880F09 /* ShellScript */ = {
			isa = PBXShellScriptBuildPhase;
			buildActionMask = 2147483647;
			files = (
			);
			inputFileListPaths = (
			);
			inputPaths = (
				WhouseApp/Info.plist,
			);
			outputFileListPaths = (
			);
			outputPaths = (
			);
			runOnlyForDeploymentPostprocessing = 0;
			shellPath = /bin/sh;
			shellScript = "\"${PODS_ROOT}/Fabric/run\" 36c8cff0705029f87484b9e1e57718d1b7d1d1ab ca7713422ed83e7808d645676b859f866637ae36568c1b254b99b11cb38bb0ae\n";
		};
		690C32CDB0EB49BF90FCDFD3 /* [CP] Embed Pods Frameworks */ = {
			isa = PBXShellScriptBuildPhase;
			buildActionMask = 2147483647;
			files = (
			);
			inputFileListPaths = (
				"${PODS_ROOT}/Target Support Files/Pods-WhouseApp/Pods-WhouseApp-frameworks-${CONFIGURATION}-input-files.xcfilelist",
			);
			name = "[CP] Embed Pods Frameworks";
			outputFileListPaths = (
				"${PODS_ROOT}/Target Support Files/Pods-WhouseApp/Pods-WhouseApp-frameworks-${CONFIGURATION}-output-files.xcfilelist",
			);
			runOnlyForDeploymentPostprocessing = 0;
			shellPath = /bin/sh;
			shellScript = "\"${PODS_ROOT}/Target Support Files/Pods-WhouseApp/Pods-WhouseApp-frameworks.sh\"\n";
			showEnvVarsInLog = 0;
		};
		8CE6E0199943C9A869C7921A /* [CP] Check Pods Manifest.lock */ = {
			isa = PBXShellScriptBuildPhase;
			buildActionMask = 2147483647;
			files = (
			);
			inputFileListPaths = (
			);
			inputPaths = (
				"${PODS_PODFILE_DIR_PATH}/Podfile.lock",
				"${PODS_ROOT}/Manifest.lock",
			);
			name = "[CP] Check Pods Manifest.lock";
			outputFileListPaths = (
			);
			outputPaths = (
				"$(DERIVED_FILE_DIR)/Pods-WhouseApp-checkManifestLockResult.txt",
			);
			runOnlyForDeploymentPostprocessing = 0;
			shellPath = /bin/sh;
			shellScript = "diff \"${PODS_PODFILE_DIR_PATH}/Podfile.lock\" \"${PODS_ROOT}/Manifest.lock\" > /dev/null\nif [ $? != 0 ] ; then\n    # print error to STDERR\n    echo \"error: The sandbox is not in sync with the Podfile.lock. Run 'pod install' or update your CocoaPods installation.\" >&2\n    exit 1\nfi\n# This output is used by Xcode 'outputs' to avoid re-running this script phase.\necho \"SUCCESS\" > \"${SCRIPT_OUTPUT_FILE_0}\"\n";
			showEnvVarsInLog = 0;
		};
/* End PBXShellScriptBuildPhase section */

/* Begin PBXSourcesBuildPhase section */
		1953C36422DF6F43008D2FD4 /* Sources */ = {
			isa = PBXSourcesBuildPhase;
			buildActionMask = 2147483647;
			files = (
				1940D47D22F2587300807213 /* PropertiesTableViewController.swift in Sources */,
				19279E9522E8AD95008E89C5 /* RegistrationStep4ViewController.swift in Sources */,
				19A6FFBF22E248CF00D3B41E /* DesignableTextField.swift in Sources */,
				19693C2422F8D08B00DFD07E /* UIColor+Extension.swift in Sources */,
				19279E9322E8AD84008E89C5 /* RegistrationStep3ViewController.swift in Sources */,
				19D9F90822EB70B100A8601D /* DesignableTextView.swift in Sources */,
				1940D48022F328B300807213 /* User.swift in Sources */,
				1940D47022F0F43C00807213 /* SearchResultsTableViewCell.swift in Sources */,
				1940D47622F1EFCB00807213 /* TableResultsViewController.swift in Sources */,
				197181B322E77E52009161BE /* RegistrationStep1ViewController.swift in Sources */,
				19693C2222F8986B00DFD07E /* Image.swift in Sources */,
				19A6FFBB22E22FB300D3B41E /* UIViewController+Extension.swift in Sources */,
				1940D47222F0FF7C00807213 /* RatingControl.swift in Sources */,
				19A6FFC122E2659F00D3B41E /* PasswordRecoveryViewController.swift in Sources */,
				19B0A3D222F4DAD600880F09 /* ServiceShowTableViewCell.swift in Sources */,
				19B0A3D022F4CE6B00880F09 /* Service.swift in Sources */,
				19279E9122E8ABFE008E89C5 /* RegistrationStep2ViewController.swift in Sources */,
				19A47ECC22EA5DBF001B6E13 /* RegistrationViewController.swift in Sources */,
				1940D47B22F2572B00807213 /* PropertyTableViewCell.swift in Sources */,
				19D9F90D22EBB6BF00A8601D /* OnboardViewController.swift in Sources */,
				19EA98DC22FA1A6C007977A7 /* Property.swift in Sources */,
				19EA98DE22FA1F84007977A7 /* PropertyViewController.swift in Sources */,
				1940D47422F1196E00807213 /* DesignableImageView.swift in Sources */,
				19D9F90F22EBDC9800A8601D /* OnboardingSearchViewController.swift in Sources */,
				1953C36C22DF6F43008D2FD4 /* AppDelegate.swift in Sources */,
				1940D46E22F0EB8A00807213 /* SearchResultsViewController.swift in Sources */,
				19693C2022F8960200DFD07E /* ImageCollectionViewCell.swift in Sources */,
				197181AF22E63CF6009161BE /* AlertView.swift in Sources */,
				19279E9722E8ADB5008E89C5 /* RegistrationStep5ViewController.swift in Sources */,
				19D9F91122EC15F100A8601D /* CustomCellTableViewCell.swift in Sources */,
				199E8AA722DFB93C0065E423 /* GradientView.swift in Sources */,
				19A6FF7522E1852800D3B41E /* DesignableUIButton.swift in Sources */,
				19B0A3CE22F3606600880F09 /* PublicProfileViewController.swift in Sources */,
				1940D47822F23E8100807213 /* DesignableLabel.swift in Sources */,
				19A6FF7122E0D53600D3B41E /* LoginViewController.swift in Sources */,
			);
			runOnlyForDeploymentPostprocessing = 0;
		};
/* End PBXSourcesBuildPhase section */

/* Begin PBXVariantGroup section */
		1953C36F22DF6F43008D2FD4 /* Main.storyboard */ = {
			isa = PBXVariantGroup;
			children = (
				1953C37022DF6F43008D2FD4 /* Base */,
			);
			name = Main.storyboard;
			sourceTree = "<group>";
		};
		1953C37422DF6F44008D2FD4 /* LaunchScreen.storyboard */ = {
			isa = PBXVariantGroup;
			children = (
				1953C37522DF6F44008D2FD4 /* Base */,
			);
			name = LaunchScreen.storyboard;
			sourceTree = "<group>";
		};
/* End PBXVariantGroup section */

/* Begin XCBuildConfiguration section */
		1953C37822DF6F44008D2FD4 /* Debug */ = {
			isa = XCBuildConfiguration;
			buildSettings = {
				ALWAYS_SEARCH_USER_PATHS = NO;
				CLANG_ANALYZER_NONNULL = YES;
				CLANG_ANALYZER_NUMBER_OBJECT_CONVERSION = YES_AGGRESSIVE;
				CLANG_CXX_LANGUAGE_STANDARD = "gnu++14";
				CLANG_CXX_LIBRARY = "libc++";
				CLANG_ENABLE_MODULES = YES;
				CLANG_ENABLE_OBJC_ARC = YES;
				CLANG_ENABLE_OBJC_WEAK = YES;
				CLANG_WARN_BLOCK_CAPTURE_AUTORELEASING = YES;
				CLANG_WARN_BOOL_CONVERSION = YES;
				CLANG_WARN_COMMA = YES;
				CLANG_WARN_CONSTANT_CONVERSION = YES;
				CLANG_WARN_DEPRECATED_OBJC_IMPLEMENTATIONS = YES;
				CLANG_WARN_DIRECT_OBJC_ISA_USAGE = YES_ERROR;
				CLANG_WARN_DOCUMENTATION_COMMENTS = YES;
				CLANG_WARN_EMPTY_BODY = YES;
				CLANG_WARN_ENUM_CONVERSION = YES;
				CLANG_WARN_INFINITE_RECURSION = YES;
				CLANG_WARN_INT_CONVERSION = YES;
				CLANG_WARN_NON_LITERAL_NULL_CONVERSION = YES;
				CLANG_WARN_OBJC_IMPLICIT_RETAIN_SELF = YES;
				CLANG_WARN_OBJC_LITERAL_CONVERSION = YES;
				CLANG_WARN_OBJC_ROOT_CLASS = YES_ERROR;
				CLANG_WARN_RANGE_LOOP_ANALYSIS = YES;
				CLANG_WARN_STRICT_PROTOTYPES = YES;
				CLANG_WARN_SUSPICIOUS_MOVE = YES;
				CLANG_WARN_UNGUARDED_AVAILABILITY = YES_AGGRESSIVE;
				CLANG_WARN_UNREACHABLE_CODE = YES;
				CLANG_WARN__DUPLICATE_METHOD_MATCH = YES;
				CODE_SIGN_IDENTITY = "iPhone Developer";
				COPY_PHASE_STRIP = NO;
				DEBUG_INFORMATION_FORMAT = "dwarf-with-dsym";
				ENABLE_STRICT_OBJC_MSGSEND = YES;
				ENABLE_TESTABILITY = YES;
				GCC_C_LANGUAGE_STANDARD = gnu11;
				GCC_DYNAMIC_NO_PIC = NO;
				GCC_NO_COMMON_BLOCKS = YES;
				GCC_OPTIMIZATION_LEVEL = 0;
				GCC_PREPROCESSOR_DEFINITIONS = (
					"DEBUG=1",
					"$(inherited)",
				);
				GCC_WARN_64_TO_32_BIT_CONVERSION = YES;
				GCC_WARN_ABOUT_RETURN_TYPE = YES_ERROR;
				GCC_WARN_UNDECLARED_SELECTOR = YES;
				GCC_WARN_UNINITIALIZED_AUTOS = YES_AGGRESSIVE;
				GCC_WARN_UNUSED_FUNCTION = YES;
				GCC_WARN_UNUSED_VARIABLE = YES;
				IPHONEOS_DEPLOYMENT_TARGET = 12.2;
				MTL_ENABLE_DEBUG_INFO = INCLUDE_SOURCE;
				MTL_FAST_MATH = YES;
				ONLY_ACTIVE_ARCH = YES;
				SDKROOT = iphoneos;
				SWIFT_ACTIVE_COMPILATION_CONDITIONS = DEBUG;
				SWIFT_OPTIMIZATION_LEVEL = "-Onone";
			};
			name = Debug;
		};
		1953C37922DF6F44008D2FD4 /* Release */ = {
			isa = XCBuildConfiguration;
			buildSettings = {
				ALWAYS_SEARCH_USER_PATHS = NO;
				CLANG_ANALYZER_NONNULL = YES;
				CLANG_ANALYZER_NUMBER_OBJECT_CONVERSION = YES_AGGRESSIVE;
				CLANG_CXX_LANGUAGE_STANDARD = "gnu++14";
				CLANG_CXX_LIBRARY = "libc++";
				CLANG_ENABLE_MODULES = YES;
				CLANG_ENABLE_OBJC_ARC = YES;
				CLANG_ENABLE_OBJC_WEAK = YES;
				CLANG_WARN_BLOCK_CAPTURE_AUTORELEASING = YES;
				CLANG_WARN_BOOL_CONVERSION = YES;
				CLANG_WARN_COMMA = YES;
				CLANG_WARN_CONSTANT_CONVERSION = YES;
				CLANG_WARN_DEPRECATED_OBJC_IMPLEMENTATIONS = YES;
				CLANG_WARN_DIRECT_OBJC_ISA_USAGE = YES_ERROR;
				CLANG_WARN_DOCUMENTATION_COMMENTS = YES;
				CLANG_WARN_EMPTY_BODY = YES;
				CLANG_WARN_ENUM_CONVERSION = YES;
				CLANG_WARN_INFINITE_RECURSION = YES;
				CLANG_WARN_INT_CONVERSION = YES;
				CLANG_WARN_NON_LITERAL_NULL_CONVERSION = YES;
				CLANG_WARN_OBJC_IMPLICIT_RETAIN_SELF = YES;
				CLANG_WARN_OBJC_LITERAL_CONVERSION = YES;
				CLANG_WARN_OBJC_ROOT_CLASS = YES_ERROR;
				CLANG_WARN_RANGE_LOOP_ANALYSIS = YES;
				CLANG_WARN_STRICT_PROTOTYPES = YES;
				CLANG_WARN_SUSPICIOUS_MOVE = YES;
				CLANG_WARN_UNGUARDED_AVAILABILITY = YES_AGGRESSIVE;
				CLANG_WARN_UNREACHABLE_CODE = YES;
				CLANG_WARN__DUPLICATE_METHOD_MATCH = YES;
				CODE_SIGN_IDENTITY = "iPhone Developer";
				COPY_PHASE_STRIP = NO;
				DEBUG_INFORMATION_FORMAT = "dwarf-with-dsym";
				ENABLE_NS_ASSERTIONS = NO;
				ENABLE_STRICT_OBJC_MSGSEND = YES;
				GCC_C_LANGUAGE_STANDARD = gnu11;
				GCC_NO_COMMON_BLOCKS = YES;
				GCC_WARN_64_TO_32_BIT_CONVERSION = YES;
				GCC_WARN_ABOUT_RETURN_TYPE = YES_ERROR;
				GCC_WARN_UNDECLARED_SELECTOR = YES;
				GCC_WARN_UNINITIALIZED_AUTOS = YES_AGGRESSIVE;
				GCC_WARN_UNUSED_FUNCTION = YES;
				GCC_WARN_UNUSED_VARIABLE = YES;
				IPHONEOS_DEPLOYMENT_TARGET = 12.2;
				MTL_ENABLE_DEBUG_INFO = NO;
				MTL_FAST_MATH = YES;
				SDKROOT = iphoneos;
				SWIFT_COMPILATION_MODE = wholemodule;
				SWIFT_OPTIMIZATION_LEVEL = "-O";
				VALIDATE_PRODUCT = YES;
			};
			name = Release;
		};
		1953C37B22DF6F44008D2FD4 /* Debug */ = {
			isa = XCBuildConfiguration;
			baseConfigurationReference = DA1C7D108A9607479BAE7EDD /* Pods-WhouseApp.debug.xcconfig */;
			buildSettings = {
				ASSETCATALOG_COMPILER_APPICON_NAME = AppIcon;
				CODE_SIGN_IDENTITY = "iPhone Developer";
				CODE_SIGN_STYLE = Automatic;
				DEBUG_INFORMATION_FORMAT = "dwarf-with-dsym";
				DEVELOPMENT_TEAM = X6DA47C9VM;
				FRAMEWORK_SEARCH_PATHS = (
					"$(inherited)",
					"$(PROJECT_DIR)",
				);
				INFOPLIST_FILE = WhouseApp/Info.plist;
				LD_RUNPATH_SEARCH_PATHS = (
					"$(inherited)",
					"@executable_path/Frameworks",
				);
				PRODUCT_BUNDLE_IDENTIFIER = WhouseApp.Beta;
				PRODUCT_NAME = "$(TARGET_NAME)";
				PROVISIONING_PROFILE_SPECIFIER = "";
				SWIFT_VERSION = 5.0;
				TARGETED_DEVICE_FAMILY = "1,2";
			};
			name = Debug;
		};
		1953C37C22DF6F44008D2FD4 /* Release */ = {
			isa = XCBuildConfiguration;
			baseConfigurationReference = 11341356062D69C50E6FB49E /* Pods-WhouseApp.release.xcconfig */;
			buildSettings = {
				ASSETCATALOG_COMPILER_APPICON_NAME = AppIcon;
				CODE_SIGN_IDENTITY = "iPhone Developer";
				CODE_SIGN_STYLE = Automatic;
				DEBUG_INFORMATION_FORMAT = "dwarf-with-dsym";
				DEVELOPMENT_TEAM = X6DA47C9VM;
				FRAMEWORK_SEARCH_PATHS = (
					"$(inherited)",
					"$(PROJECT_DIR)",
				);
				INFOPLIST_FILE = WhouseApp/Info.plist;
				LD_RUNPATH_SEARCH_PATHS = (
					"$(inherited)",
					"@executable_path/Frameworks",
				);
				PRODUCT_BUNDLE_IDENTIFIER = WhouseApp.Beta;
				PRODUCT_NAME = "$(TARGET_NAME)";
				PROVISIONING_PROFILE_SPECIFIER = "";
				SWIFT_VERSION = 5.0;
				TARGETED_DEVICE_FAMILY = "1,2";
			};
			name = Release;
		};
/* End XCBuildConfiguration section */

/* Begin XCConfigurationList section */
		1953C36322DF6F43008D2FD4 /* Build configuration list for PBXProject "WhouseApp" */ = {
			isa = XCConfigurationList;
			buildConfigurations = (
				1953C37822DF6F44008D2FD4 /* Debug */,
				1953C37922DF6F44008D2FD4 /* Release */,
			);
			defaultConfigurationIsVisible = 0;
			defaultConfigurationName = Release;
		};
		1953C37A22DF6F44008D2FD4 /* Build configuration list for PBXNativeTarget "WhouseApp" */ = {
			isa = XCConfigurationList;
			buildConfigurations = (
				1953C37B22DF6F44008D2FD4 /* Debug */,
				1953C37C22DF6F44008D2FD4 /* Release */,
			);
			defaultConfigurationIsVisible = 0;
			defaultConfigurationName = Release;
		};
/* End XCConfigurationList section */
	};
	rootObject = 1953C36022DF6F43008D2FD4 /* Project object */;
}
